
Microsoft Visual Studio Solution File, Format Version 12.00
# Visual Studio Version 16
VisualStudioVersion = 16.0.33328.57
MinimumVisualStudioVersion = 10.0.40219.1
Project("{FAE04EC0-301F-11D3-BF4B-00C04F79EFBC}") = "CSharpOOP5", "CSharpOOP5\CSharpOOP5.csproj", "{9A52D89F-D617-4AAC-864E-4BBFB1B04615}"
EndProject
Global
	GlobalSection(SolutionConfigurationPlatforms) = preSolution
		Debug|Any CPU = Debug|Any CPU
		Release|Any CPU = Release|Any CPU
	EndGlobalSection
	GlobalSection(ProjectConfigurationPlatforms) = postSolution
		{9A52D89F-D617-4AAC-864E-4BBFB1B04615}.Debug|Any CPU.ActiveCfg = Debug|Any CPU
		{9A52D89F-D617-4AAC-864E-4BBFB1B04615}.Debug|Any CPU.Build.0 = Debug|Any CPU
		{9A52D89F-D617-4AAC-864E-4BBFB1B04615}.Release|Any CPU.ActiveCfg = Release|Any CPU
		{9A52D89F-D617-4AAC-864E-4BBFB1B04615}.Release|Any CPU.Build.0 = Release|Any CPU
	EndGlobalSection
	GlobalSection(SolutionProperties) = preSolution
		HideSolutionNode = FALSE
	EndGlobalSection
	GlobalSection(ExtensibilityGlobals) = postSolution
		SolutionGuid = {89A90787-E079-4E3B-8FB6-9ED337C7719D}
	EndGlobalSection
EndGlobal
