
Microsoft Visual Studio Solution File, Format Version 12.00
# Visual Studio Version 16
VisualStudioVersion = 16.0.33328.57
MinimumVisualStudioVersion = 10.0.40219.1
Project("{FAE04EC0-301F-11D3-BF4B-00C04F79EFBC}") = "Exercicio2_2", "Exercicio2_2\Exercicio2_2.csproj", "{572AF16E-726D-4CD0-B23C-71710685148C}"
EndProject
Global
	GlobalSection(SolutionConfigurationPlatforms) = preSolution
		Debug|Any CPU = Debug|Any CPU
		Release|Any CPU = Release|Any CPU
	EndGlobalSection
	GlobalSection(ProjectConfigurationPlatforms) = postSolution
		{572AF16E-726D-4CD0-B23C-71710685148C}.Debug|Any CPU.ActiveCfg = Debug|Any CPU
		{572AF16E-726D-4CD0-B23C-71710685148C}.Debug|Any CPU.Build.0 = Debug|Any CPU
		{572AF16E-726D-4CD0-B23C-71710685148C}.Release|Any CPU.ActiveCfg = Release|Any CPU
		{572AF16E-726D-4CD0-B23C-71710685148C}.Release|Any CPU.Build.0 = Release|Any CPU
	EndGlobalSection
	GlobalSection(SolutionProperties) = preSolution
		HideSolutionNode = FALSE
	EndGlobalSection
	GlobalSection(ExtensibilityGlobals) = postSolution
		SolutionGuid = {D60738F6-4729-4BD0-9816-8E1385A55242}
	EndGlobalSection
EndGlobal
