
Microsoft Visual Studio Solution File, Format Version 12.00
# Visual Studio Version 16
VisualStudioVersion = 16.0.33328.57
MinimumVisualStudioVersion = 10.0.40219.1
Project("{FAE04EC0-301F-11D3-BF4B-00C04F79EFBC}") = "CSharpOOP3", "CSharpOOP3\CSharpOOP3.csproj", "{39B29F6A-BF7C-4A7A-BE16-F88CE20D70B1}"
EndProject
Global
	GlobalSection(SolutionConfigurationPlatforms) = preSolution
		Debug|Any CPU = Debug|Any CPU
		Release|Any CPU = Release|Any CPU
	EndGlobalSection
	GlobalSection(ProjectConfigurationPlatforms) = postSolution
		{39B29F6A-BF7C-4A7A-BE16-F88CE20D70B1}.Debug|Any CPU.ActiveCfg = Debug|Any CPU
		{39B29F6A-BF7C-4A7A-BE16-F88CE20D70B1}.Debug|Any CPU.Build.0 = Debug|Any CPU
		{39B29F6A-BF7C-4A7A-BE16-F88CE20D70B1}.Release|Any CPU.ActiveCfg = Release|Any CPU
		{39B29F6A-BF7C-4A7A-BE16-F88CE20D70B1}.Release|Any CPU.Build.0 = Release|Any CPU
	EndGlobalSection
	GlobalSection(SolutionProperties) = preSolution
		HideSolutionNode = FALSE
	EndGlobalSection
	GlobalSection(ExtensibilityGlobals) = postSolution
		SolutionGuid = {6269A687-A2F4-47FA-90A6-36338269928E}
	EndGlobalSection
EndGlobal
