
Microsoft Visual Studio Solution File, Format Version 12.00
# Visual Studio Version 16
VisualStudioVersion = 16.0.33328.57
MinimumVisualStudioVersion = 10.0.40219.1
Project("{FAE04EC0-301F-11D3-BF4B-00C04F79EFBC}") = "CSharpOOP23", "CSharpOOP23\CSharpOOP23.csproj", "{40BBD259-5A3B-45C5-8811-38FAAA6D4934}"
EndProject
Global
	GlobalSection(SolutionConfigurationPlatforms) = preSolution
		Debug|Any CPU = Debug|Any CPU
		Release|Any CPU = Release|Any CPU
	EndGlobalSection
	GlobalSection(ProjectConfigurationPlatforms) = postSolution
		{40BBD259-5A3B-45C5-8811-38FAAA6D4934}.Debug|Any CPU.ActiveCfg = Debug|Any CPU
		{40BBD259-5A3B-45C5-8811-38FAAA6D4934}.Debug|Any CPU.Build.0 = Debug|Any CPU
		{40BBD259-5A3B-45C5-8811-38FAAA6D4934}.Release|Any CPU.ActiveCfg = Release|Any CPU
		{40BBD259-5A3B-45C5-8811-38FAAA6D4934}.Release|Any CPU.Build.0 = Release|Any CPU
	EndGlobalSection
	GlobalSection(SolutionProperties) = preSolution
		HideSolutionNode = FALSE
	EndGlobalSection
	GlobalSection(ExtensibilityGlobals) = postSolution
		SolutionGuid = {DA86BDF5-EB3E-4AFD-ACB8-732D869A2EFC}
	EndGlobalSection
EndGlobal
