
Microsoft Visual Studio Solution File, Format Version 12.00
# Visual Studio Version 16
VisualStudioVersion = 16.0.33328.57
MinimumVisualStudioVersion = 10.0.40219.1
Project("{FAE04EC0-301F-11D3-BF4B-00C04F79EFBC}") = "CSharpOOP7", "CSharpOOP7\CSharpOOP7.csproj", "{358FE61F-401A-4BA4-A183-5C4B99E1DC1F}"
EndProject
Global
	GlobalSection(SolutionConfigurationPlatforms) = preSolution
		Debug|Any CPU = Debug|Any CPU
		Release|Any CPU = Release|Any CPU
	EndGlobalSection
	GlobalSection(ProjectConfigurationPlatforms) = postSolution
		{358FE61F-401A-4BA4-A183-5C4B99E1DC1F}.Debug|Any CPU.ActiveCfg = Debug|Any CPU
		{358FE61F-401A-4BA4-A183-5C4B99E1DC1F}.Debug|Any CPU.Build.0 = Debug|Any CPU
		{358FE61F-401A-4BA4-A183-5C4B99E1DC1F}.Release|Any CPU.ActiveCfg = Release|Any CPU
		{358FE61F-401A-4BA4-A183-5C4B99E1DC1F}.Release|Any CPU.Build.0 = Release|Any CPU
	EndGlobalSection
	GlobalSection(SolutionProperties) = preSolution
		HideSolutionNode = FALSE
	EndGlobalSection
	GlobalSection(ExtensibilityGlobals) = postSolution
		SolutionGuid = {5BBF812F-805A-4AE1-BBED-AA4595C28E64}
	EndGlobalSection
EndGlobal
