
Microsoft Visual Studio Solution File, Format Version 12.00
# Visual Studio Version 16
VisualStudioVersion = 16.0.33328.57
MinimumVisualStudioVersion = 10.0.40219.1
Project("{9A19103F-16F7-4668-BE54-9A1E7A4F7556}") = "CSharpOOP2", "CSharpOOP2\CSharpOOP2.csproj", "{3801CB07-9F17-47D5-8784-BA5FAAB4BAEB}"
EndProject
Global
	GlobalSection(SolutionConfigurationPlatforms) = preSolution
		Debug|Any CPU = Debug|Any CPU
		Release|Any CPU = Release|Any CPU
	EndGlobalSection
	GlobalSection(ProjectConfigurationPlatforms) = postSolution
		{3801CB07-9F17-47D5-8784-BA5FAAB4BAEB}.Debug|Any CPU.ActiveCfg = Debug|Any CPU
		{3801CB07-9F17-47D5-8784-BA5FAAB4BAEB}.Debug|Any CPU.Build.0 = Debug|Any CPU
		{3801CB07-9F17-47D5-8784-BA5FAAB4BAEB}.Release|Any CPU.ActiveCfg = Release|Any CPU
		{3801CB07-9F17-47D5-8784-BA5FAAB4BAEB}.Release|Any CPU.Build.0 = Release|Any CPU
	EndGlobalSection
	GlobalSection(SolutionProperties) = preSolution
		HideSolutionNode = FALSE
	EndGlobalSection
	GlobalSection(ExtensibilityGlobals) = postSolution
		SolutionGuid = {A5FE7398-18CE-4F86-9638-1E17DB6569A4}
	EndGlobalSection
EndGlobal
