
Microsoft Visual Studio Solution File, Format Version 12.00
# Visual Studio Version 16
VisualStudioVersion = 16.0.33328.57
MinimumVisualStudioVersion = 10.0.40219.1
Project("{FAE04EC0-301F-11D3-BF4B-00C04F79EFBC}") = "CSharpOOP6", "CSharpOOP6\CSharpOOP6.csproj", "{76DAF263-1A9D-4F9C-A09F-F6DD3A4422C8}"
EndProject
Global
	GlobalSection(SolutionConfigurationPlatforms) = preSolution
		Debug|Any CPU = Debug|Any CPU
		Release|Any CPU = Release|Any CPU
	EndGlobalSection
	GlobalSection(ProjectConfigurationPlatforms) = postSolution
		{76DAF263-1A9D-4F9C-A09F-F6DD3A4422C8}.Debug|Any CPU.ActiveCfg = Debug|Any CPU
		{76DAF263-1A9D-4F9C-A09F-F6DD3A4422C8}.Debug|Any CPU.Build.0 = Debug|Any CPU
		{76DAF263-1A9D-4F9C-A09F-F6DD3A4422C8}.Release|Any CPU.ActiveCfg = Release|Any CPU
		{76DAF263-1A9D-4F9C-A09F-F6DD3A4422C8}.Release|Any CPU.Build.0 = Release|Any CPU
	EndGlobalSection
	GlobalSection(SolutionProperties) = preSolution
		HideSolutionNode = FALSE
	EndGlobalSection
	GlobalSection(ExtensibilityGlobals) = postSolution
		SolutionGuid = {A5DB300E-B2B5-4913-99F0-9935D6C27669}
	EndGlobalSection
EndGlobal
