
Microsoft Visual Studio Solution File, Format Version 12.00
# Visual Studio Version 16
VisualStudioVersion = 16.0.33328.57
MinimumVisualStudioVersion = 10.0.40219.1
Project("{FAE04EC0-301F-11D3-BF4B-00C04F79EFBC}") = "CSharpOOP14", "CSharpOOP14\CSharpOOP14.csproj", "{6A1CE817-F81D-4C5B-9C17-F405785C293A}"
EndProject
Global
	GlobalSection(SolutionConfigurationPlatforms) = preSolution
		Debug|Any CPU = Debug|Any CPU
		Release|Any CPU = Release|Any CPU
	EndGlobalSection
	GlobalSection(ProjectConfigurationPlatforms) = postSolution
		{6A1CE817-F81D-4C5B-9C17-F405785C293A}.Debug|Any CPU.ActiveCfg = Debug|Any CPU
		{6A1CE817-F81D-4C5B-9C17-F405785C293A}.Debug|Any CPU.Build.0 = Debug|Any CPU
		{6A1CE817-F81D-4C5B-9C17-F405785C293A}.Release|Any CPU.ActiveCfg = Release|Any CPU
		{6A1CE817-F81D-4C5B-9C17-F405785C293A}.Release|Any CPU.Build.0 = Release|Any CPU
	EndGlobalSection
	GlobalSection(SolutionProperties) = preSolution
		HideSolutionNode = FALSE
	EndGlobalSection
	GlobalSection(ExtensibilityGlobals) = postSolution
		SolutionGuid = {CDD8C8B2-D1A3-47FA-B499-D81D7141E5A7}
	EndGlobalSection
EndGlobal
