
Microsoft Visual Studio Solution File, Format Version 12.00
# Visual Studio Version 16
VisualStudioVersion = 16.0.33328.57
MinimumVisualStudioVersion = 10.0.40219.1
Project("{9A19103F-16F7-4668-BE54-9A1E7A4F7556}") = "CSharpOOP3", "OOP3SaidaDeDados\CSharpOOP3.csproj", "{3ED41885-B013-4D91-88AB-88A13C89D5BC}"
EndProject
Global
	GlobalSection(SolutionConfigurationPlatforms) = preSolution
		Debug|Any CPU = Debug|Any CPU
		Release|Any CPU = Release|Any CPU
	EndGlobalSection
	GlobalSection(ProjectConfigurationPlatforms) = postSolution
		{3ED41885-B013-4D91-88AB-88A13C89D5BC}.Debug|Any CPU.ActiveCfg = Debug|Any CPU
		{3ED41885-B013-4D91-88AB-88A13C89D5BC}.Debug|Any CPU.Build.0 = Debug|Any CPU
		{3ED41885-B013-4D91-88AB-88A13C89D5BC}.Release|Any CPU.ActiveCfg = Release|Any CPU
		{3ED41885-B013-4D91-88AB-88A13C89D5BC}.Release|Any CPU.Build.0 = Release|Any CPU
	EndGlobalSection
	GlobalSection(SolutionProperties) = preSolution
		HideSolutionNode = FALSE
	EndGlobalSection
	GlobalSection(ExtensibilityGlobals) = postSolution
		SolutionGuid = {91716D12-2501-483C-AF6B-9F5360E6EB88}
	EndGlobalSection
EndGlobal
